
Microsoft Visual Studio Solution File, Format Version 12.00
# Visual Studio Version 16
VisualStudioVersion = 16.0.29025.244
MinimumVisualStudioVersion = 10.0.40219.1
Project("{FAE04EC0-301F-11D3-BF4B-00C04F79EFBC}") = "GitHubApplication", "GitHubApplication\GitHubApplication.csproj", "{13B2BE40-D0D8-4895-BC5F-86B64648F263}"
EndProject
Project("{FAE04EC0-301F-11D3-BF4B-00C04F79EFBC}") = "Github.Core", "Github.Core\Github.Core.csproj", "{E4C1F465-CFB6-480D-AEA8-AB3B586DC16C}"
EndProject
Global
	GlobalSection(SolutionConfigurationPlatforms) = preSolution
		Debug|Any CPU = Debug|Any CPU
		Release|Any CPU = Release|Any CPU
	EndGlobalSection
	GlobalSection(ProjectConfigurationPlatforms) = postSolution
		{13B2BE40-D0D8-4895-BC5F-86B64648F263}.Debug|Any CPU.ActiveCfg = Debug|Any CPU
		{13B2BE40-D0D8-4895-BC5F-86B64648F263}.Debug|Any CPU.Build.0 = Debug|Any CPU
		{13B2BE40-D0D8-4895-BC5F-86B64648F263}.Release|Any CPU.ActiveCfg = Release|Any CPU
		{13B2BE40-D0D8-4895-BC5F-86B64648F263}.Release|Any CPU.Build.0 = Release|Any CPU
		{E4C1F465-CFB6-480D-AEA8-AB3B586DC16C}.Debug|Any CPU.ActiveCfg = Debug|Any CPU
		{E4C1F465-CFB6-480D-AEA8-AB3B586DC16C}.Debug|Any CPU.Build.0 = Debug|Any CPU
		{E4C1F465-CFB6-480D-AEA8-AB3B586DC16C}.Release|Any CPU.ActiveCfg = Release|Any CPU
		{E4C1F465-CFB6-480D-AEA8-AB3B586DC16C}.Release|Any CPU.Build.0 = Release|Any CPU
	EndGlobalSection
	GlobalSection(SolutionProperties) = preSolution
		HideSolutionNode = FALSE
	EndGlobalSection
	GlobalSection(ExtensibilityGlobals) = postSolution
		SolutionGuid = {1F9B4C6F-A4CE-4D47-92CB-878926F4D95D}
	EndGlobalSection
EndGlobal
